
Microsoft Visual Studio Solution File, Format Version 12.00
# Visual Studio Version 16
VisualStudioVersion = 16.0.31112.23
MinimumVisualStudioVersion = 10.0.40219.1
Project("{2150E333-8FDC-42A3-9474-1A3956D46DE8}") = "CSharp_Versionen", "CSharp_Versionen", "{E8D7D8B3-0352-47D9-BE53-29E58D793CC3}"
EndProject
Project("{9A19103F-16F7-4668-BE54-9A1E7A4F7556}") = "CSharp_70", "CSharp_70\CSharp_70.csproj", "{EAB82E4E-2666-472C-AD50-A6002DB843A2}"
EndProject
Project("{9A19103F-16F7-4668-BE54-9A1E7A4F7556}") = "CSharp_71", "CSharp_71\CSharp_71.csproj", "{27A61A1B-F9BC-48D0-A9C5-08FE62D37E0F}"
EndProject
Project("{9A19103F-16F7-4668-BE54-9A1E7A4F7556}") = "CSharp_72", "CSharp_72\CSharp_72.csproj", "{FAFB3000-CFC5-42B5-A510-AE2058577D51}"
EndProject
Project("{9A19103F-16F7-4668-BE54-9A1E7A4F7556}") = "CSharp_80", "CSharp_80\CSharp_80.csproj", "{8763D1AF-B25C-4B74-B507-542A86C934B8}"
EndProject
Project("{9A19103F-16F7-4668-BE54-9A1E7A4F7556}") = "CSharp_90", "CSharp_90\CSharp_90.csproj", "{117D36AE-ED04-4A54-8FB1-D657BD04F094}"
EndProject
Project("{2150E333-8FDC-42A3-9474-1A3956D46DE8}") = "SOLID", "SOLID", "{DB0C2E83-096B-45CC-8100-08F0C4C3EA0C}"
EndProject
Project("{9A19103F-16F7-4668-BE54-9A1E7A4F7556}") = "SingleResponsibility_Princip", "SingleResponsibility_Princip\SingleResponsibility_Princip.csproj", "{68910301-6B78-4214-8118-76C9B50EFBFD}"
EndProject
Project("{9A19103F-16F7-4668-BE54-9A1E7A4F7556}") = "OpenClosed_Principle_OCP", "OpenClosed_Principle_OCP\OpenClosed_Principle_OCP.csproj", "{C91C6716-D5F9-4724-A33D-824C667A726E}"
EndProject
Project("{9A19103F-16F7-4668-BE54-9A1E7A4F7556}") = "Liskov_substitution_principle_LSP", "Liskov_substitution_principle_LSP\Liskov_substitution_principle_LSP.csproj", "{90B21F79-F959-457D-87DE-BE7FA78C0D15}"
EndProject
Project("{9A19103F-16F7-4668-BE54-9A1E7A4F7556}") = "Interface_segregation_principle_ISP", "Interface_segregation_principle_ISP\Interface_segregation_principle_ISP.csproj", "{F0796F4D-2B1E-4790-ACE5-A694D8ACBA8C}"
EndProject
Project("{9A19103F-16F7-4668-BE54-9A1E7A4F7556}") = "Dependency_Inversion", "Dependency_Inversion\Dependency_Inversion.csproj", "{04E4473F-E367-4B18-A269-F53FA4023534}"
EndProject
Project("{2150E333-8FDC-42A3-9474-1A3956D46DE8}") = "BenchmarkTests", "BenchmarkTests", "{2929B7AA-8DAD-40B5-92DD-D1EBCCA51E60}"
EndProject
Project("{9A19103F-16F7-4668-BE54-9A1E7A4F7556}") = "StringBuilderBenchmarkDemo", "StringBuilderBenchmarkDemo\StringBuilderBenchmarkDemo.csproj", "{26B068B0-8E78-494D-BB94-334D702905A9}"
EndProject
Project("{2150E333-8FDC-42A3-9474-1A3956D46DE8}") = "Solution Items", "Solution Items", "{06659DF2-8515-4935-9AA6-DA84B589549F}"
	ProjectSection(SolutionItems) = preProject
		Agenda.txt = Agenda.txt
	EndProjectSection
EndProject
Project("{2150E333-8FDC-42A3-9474-1A3956D46DE8}") = "Generics", "Generics", "{B2AD8732-B170-4C2F-96B2-96DFA4485377}"
EndProject
Project("{9A19103F-16F7-4668-BE54-9A1E7A4F7556}") = "GenericsSample", "GenericsSample\GenericsSample.csproj", "{039C5B21-065E-463D-94BA-8352554C99C4}"
EndProject
Project("{9A19103F-16F7-4668-BE54-9A1E7A4F7556}") = "GenericWithConstraintsSample", "GenericWithConstraintsSample\GenericWithConstraintsSample.csproj", "{EC6A7389-9C44-46CF-A86D-92307BFF5BD0}"
EndProject
Project("{2150E333-8FDC-42A3-9474-1A3956D46DE8}") = "Threading", "Threading", "{AE354534-4850-47C2-BD73-E47F8D8DBE0F}"
EndProject
Project("{9A19103F-16F7-4668-BE54-9A1E7A4F7556}") = "ParameterloserThread", "ParameterloserThread\ParameterloserThread.csproj", "{F313835F-8277-4E34-9104-17B84431CD58}"
EndProject
Project("{9A19103F-16F7-4668-BE54-9A1E7A4F7556}") = "ThreadMitParameter", "ThreadMitParameter\ThreadMitParameter.csproj", "{50C83D8F-D1F5-45AB-AC10-5DD4AB983DB9}"
EndProject
Project("{9A19103F-16F7-4668-BE54-9A1E7A4F7556}") = "ThreadsBeenden", "ThreadsBeenden\ThreadsBeenden.csproj", "{CDC53F5F-7D90-4264-B752-F3FF8F570277}"
EndProject
Project("{9A19103F-16F7-4668-BE54-9A1E7A4F7556}") = "ThreadPoolSample", "ThreadPoolSample\ThreadPoolSample.csproj", "{DB47032A-4732-4522-8507-ABDBB35DA3AC}"
EndProject
Project("{9A19103F-16F7-4668-BE54-9A1E7A4F7556}") = "LockSample", "LockSample\LockSample.csproj", "{53DF1A20-C306-4AFD-80D7-80A72434E2E8}"
EndProject
Project("{9A19103F-16F7-4668-BE54-9A1E7A4F7556}") = "MonitorSample", "MonitorSample\MonitorSample.csproj", "{42D7B879-39B3-4DD8-8B12-B2B0ABEBDAD7}"
EndProject
Project("{9A19103F-16F7-4668-BE54-9A1E7A4F7556}") = "MutextSample", "MutextSample\MutextSample.csproj", "{D92C6320-76BD-49D9-A548-59DC3B14E523}"
EndProject
Project("{9A19103F-16F7-4668-BE54-9A1E7A4F7556}") = "MutexSample_ProgrammInstanceSample", "MutexSample_ProgrammInstanceSample\MutexSample_ProgrammInstanceSample.csproj", "{842CCB64-7F42-423C-B54E-0E69BDDFFD66}"
EndProject
Project("{2150E333-8FDC-42A3-9474-1A3956D46DE8}") = "TPL", "TPL", "{6BE6C50A-EED5-49DA-8BF7-EB8D270E5166}"
EndProject
Project("{9A19103F-16F7-4668-BE54-9A1E7A4F7556}") = "EinfacherTask", "EinfacherTask\EinfacherTask.csproj", "{99F70A26-2853-465D-9FEA-8B54BA952147}"
EndProject
Project("{9A19103F-16F7-4668-BE54-9A1E7A4F7556}") = "TaskFactorySample", "TaskFactorySample\TaskFactorySample.csproj", "{64008F06-202E-4B0A-A243-E332D3349DFE}"
EndProject
Project("{9A19103F-16F7-4668-BE54-9A1E7A4F7556}") = "TaskMitParameter", "TaskMitParameter\TaskMitParameter.csproj", "{D1846C8C-C1E2-4613-BFCE-3F49D3C95AE6}"
EndProject
Project("{9A19103F-16F7-4668-BE54-9A1E7A4F7556}") = "Task_Beenden", "Task_Beenden\Task_Beenden.csproj", "{9C348B53-A832-4052-870D-B77CD0E031DE}"
EndProject
Project("{9A19103F-16F7-4668-BE54-9A1E7A4F7556}") = "TasksMitException", "TasksMitException\TasksMitException.csproj", "{ABF35424-9504-4BD4-85DA-3BFF3C23CBE2}"
EndProject
Project("{9A19103F-16F7-4668-BE54-9A1E7A4F7556}") = "TaskContinueWithSample", "TaskContinueWithSample\TaskContinueWithSample.csproj", "{29DA7B21-4CF6-4A93-A85B-8E7B9984E3EC}"
EndProject
Project("{9A19103F-16F7-4668-BE54-9A1E7A4F7556}") = "TaskDatenAnFortsetzungÜbergeben", "TaskDatenAnFortsetzungÜbergeben\TaskDatenAnFortsetzungÜbergeben.csproj", "{049219BF-BC4C-4B3E-9ABF-A6D5C8B40CF6}"
EndProject
Project("{9A19103F-16F7-4668-BE54-9A1E7A4F7556}") = "ErstellenEinerFortsetzungFürMehrereVorgänger", "ErstellenEinerFortsetzungFürMehrereVorgänger\ErstellenEinerFortsetzungFürMehrereVorgänger.csproj", "{CFC99E74-3E91-4A3D-8BA8-31B0F3F6D475}"
EndProject
Project("{9A19103F-16F7-4668-BE54-9A1E7A4F7556}") = "ParallelSamples", "ParallelSamples\ParallelSamples.csproj", "{2EC8ED5D-73D4-4A87-AC12-09A00F408FF4}"
EndProject
Project("{9A19103F-16F7-4668-BE54-9A1E7A4F7556}") = "BenchmarkTestParallelForVsFor", "BenchmarkTestParallelForVsFor\BenchmarkTestParallelForVsFor.csproj", "{89606960-C8D5-49E7-A90C-3EEE669EF697}"
EndProject
Project("{2150E333-8FDC-42A3-9474-1A3956D46DE8}") = "Delegates_Events", "Delegates_Events", "{000C62D0-9E8D-44D6-A024-103C371C7597}"
EndProject
Project("{9A19103F-16F7-4668-BE54-9A1E7A4F7556}") = "Delegates_Events", "Delegates_Events\Delegates_Events.csproj", "{ADBB8483-3C90-458F-BB18-146AB541F842}"
EndProject
Project("{9A19103F-16F7-4668-BE54-9A1E7A4F7556}") = "Delegate_mit_Callback", "Delegate_mit_Callback\Delegate_mit_Callback.csproj", "{9888BC85-B8B2-414D-9028-107113D6E307}"
EndProject
Project("{9A19103F-16F7-4668-BE54-9A1E7A4F7556}") = "DelegatesAsActionsAndFuncs", "DelegatesAsActions\DelegatesAsActionsAndFuncs.csproj", "{7B4C94D1-D22E-4311-9D2E-B4F6A510C85F}"
EndProject
Project("{9A19103F-16F7-4668-BE54-9A1E7A4F7556}") = "DelegateEvent_And_EventHandler", "DelegateEvent_And_EventHandler\DelegateEvent_And_EventHandler.csproj", "{EB0065E6-6B3A-4136-98EF-5EA007B2ACFE}"
EndProject
Project("{2150E333-8FDC-42A3-9474-1A3956D46DE8}") = "async_await", "async_await", "{B3E00AF3-1D26-4EB1-BDBD-A105144DF510}"
EndProject
Project("{9A19103F-16F7-4668-BE54-9A1E7A4F7556}") = "async_await_sample", "async_await_sample\async_await_sample.csproj", "{1F31C169-FA8B-4EE5-B6FB-76210D75905E}"
EndProject
Project("{2150E333-8FDC-42A3-9474-1A3956D46DE8}") = "Reflections", "Reflections", "{92880E4A-3909-4F35-858C-9BB3031F52B7}"
EndProject
Project("{9A19103F-16F7-4668-BE54-9A1E7A4F7556}") = "TrumpTaschenrechner", "TrumpTaschenrechner\TrumpTaschenrechner.csproj", "{FDC3ACFD-6FEE-43BC-8034-6BB949C8DD61}"
EndProject
Project("{9A19103F-16F7-4668-BE54-9A1E7A4F7556}") = "HelloReflections", "HelloReflections\HelloReflections.csproj", "{229F0F80-A409-4AB1-9160-1B06D7F5D219}"
EndProject
Project("{2150E333-8FDC-42A3-9474-1A3956D46DE8}") = "LinqLambda", "LinqLambda", "{7F7DC02C-F2CF-4F17-9DDB-E6AE72B724FA}"
EndProject
Project("{9A19103F-16F7-4668-BE54-9A1E7A4F7556}") = "LinqAndLambdaSamples", "LinqAndLambdaSamples\LinqAndLambdaSamples.csproj", "{F51B1D66-EF8E-4270-A334-3D3F374C2AAF}"
EndProject
Project("{2150E333-8FDC-42A3-9474-1A3956D46DE8}") = "AnonymeTypen", "AnonymeTypen", "{0AEB6887-11DF-40E0-BD78-219950896B93}"
EndProject
Project("{9A19103F-16F7-4668-BE54-9A1E7A4F7556}") = "AnonymeTypenSample", "AnonymeTypenSample\AnonymeTypenSample.csproj", "{C52E3FCF-BF3C-40F4-A0DA-7C5C67076BE4}"
EndProject
Project("{2150E333-8FDC-42A3-9474-1A3956D46DE8}") = "EFCore_CodeFirst", "EFCore_CodeFirst", "{E08ACB6A-067E-4195-9F36-34FA51C550C0}"
EndProject
Project("{9A19103F-16F7-4668-BE54-9A1E7A4F7556}") = "EFCoreSamples", "EFCoreSamples\EFCoreSamples.csproj", "{BABF2C98-F1B6-4B49-8FB2-53F660DDD746}"
EndProject
Project("{2150E333-8FDC-42A3-9474-1A3956D46DE8}") = "Serialize", "Serialize", "{0D6410DB-DF64-4C06-9437-22D47FC22811}"
EndProject
Project("{FAE04EC0-301F-11D3-BF4B-00C04F79EFBC}") = "SerializeSample", "SerializeSample\SerializeSample.csproj", "{976A34E6-2DD5-4E01-BBB4-BEA0AC36A9C4}"
EndProject
Project("{2150E333-8FDC-42A3-9474-1A3956D46DE8}") = "Operatoren", "Operatoren", "{902B5472-6D4D-4913-98A3-B801A5A9B2EA}"
EndProject
Project("{FAE04EC0-301F-11D3-BF4B-00C04F79EFBC}") = "OperatorenSample", "OperatorenSample\OperatorenSample.csproj", "{23DCCFDE-A21E-4B9F-B28F-7C09213F6268}"
EndProject
Project("{2150E333-8FDC-42A3-9474-1A3956D46DE8}") = "Design Pattern", "Design Pattern", "{8E6002CC-019E-46F6-915F-F70D074A86E0}"
EndProject
Project("{9A19103F-16F7-4668-BE54-9A1E7A4F7556}") = "SingletonSample1", "SingletonSample1\SingletonSample1.csproj", "{49FB8ED6-BD82-4838-87E4-5FAC0E7C9750}"
EndProject
Project("{9A19103F-16F7-4668-BE54-9A1E7A4F7556}") = "SingletonSample2", "SingletonSample2\SingletonSample2.csproj", "{4D00C34C-787F-4F91-9159-13D32D29C3F8}"
EndProject
Project("{9A19103F-16F7-4668-BE54-9A1E7A4F7556}") = "BuilderPattern", "BuilderPattern\BuilderPattern.csproj", "{A3047197-DE4C-49D2-A283-52414A3D35FE}"
EndProject
Project("{9A19103F-16F7-4668-BE54-9A1E7A4F7556}") = "BuilderPattern_with_abstract_Class", "BuilderPattern_with_abstract_Class\BuilderPattern_with_abstract_Class.csproj", "{09039F9A-0A16-4E83-A699-7B9730C8405A}"
EndProject
Project("{9A19103F-16F7-4668-BE54-9A1E7A4F7556}") = "BuilderDesignPatternVSFluentBuilder", "BuilderDesignPatternVSFluentBuilder\BuilderDesignPatternVSFluentBuilder.csproj", "{E96013B1-5363-49C9-B7ED-F3A9FB661D22}"
EndProject
Project("{2150E333-8FDC-42A3-9474-1A3956D46DE8}") = "_LABS", "_LABS", "{76B3E5FD-907F-4E8F-8A04-D89E59E7BE14}"
EndProject
Project("{9A19103F-16F7-4668-BE54-9A1E7A4F7556}") = "Generic_Lab", "Labs\Generic_Lab\Generic_Lab.csproj", "{3054979D-2F5E-46F4-933D-11AE333A4D33}"
EndProject
Global
	GlobalSection(SolutionConfigurationPlatforms) = preSolution
		Debug|Any CPU = Debug|Any CPU
		Release|Any CPU = Release|Any CPU
	EndGlobalSection
	GlobalSection(ProjectConfigurationPlatforms) = postSolution
		{EAB82E4E-2666-472C-AD50-A6002DB843A2}.Debug|Any CPU.ActiveCfg = Debug|Any CPU
		{EAB82E4E-2666-472C-AD50-A6002DB843A2}.Debug|Any CPU.Build.0 = Debug|Any CPU
		{EAB82E4E-2666-472C-AD50-A6002DB843A2}.Release|Any CPU.ActiveCfg = Release|Any CPU
		{EAB82E4E-2666-472C-AD50-A6002DB843A2}.Release|Any CPU.Build.0 = Release|Any CPU
		{27A61A1B-F9BC-48D0-A9C5-08FE62D37E0F}.Debug|Any CPU.ActiveCfg = Debug|Any CPU
		{27A61A1B-F9BC-48D0-A9C5-08FE62D37E0F}.Debug|Any CPU.Build.0 = Debug|Any CPU
		{27A61A1B-F9BC-48D0-A9C5-08FE62D37E0F}.Release|Any CPU.ActiveCfg = Release|Any CPU
		{27A61A1B-F9BC-48D0-A9C5-08FE62D37E0F}.Release|Any CPU.Build.0 = Release|Any CPU
		{FAFB3000-CFC5-42B5-A510-AE2058577D51}.Debug|Any CPU.ActiveCfg = Debug|Any CPU
		{FAFB3000-CFC5-42B5-A510-AE2058577D51}.Debug|Any CPU.Build.0 = Debug|Any CPU
		{FAFB3000-CFC5-42B5-A510-AE2058577D51}.Release|Any CPU.ActiveCfg = Release|Any CPU
		{FAFB3000-CFC5-42B5-A510-AE2058577D51}.Release|Any CPU.Build.0 = Release|Any CPU
		{8763D1AF-B25C-4B74-B507-542A86C934B8}.Debug|Any CPU.ActiveCfg = Debug|Any CPU
		{8763D1AF-B25C-4B74-B507-542A86C934B8}.Debug|Any CPU.Build.0 = Debug|Any CPU
		{8763D1AF-B25C-4B74-B507-542A86C934B8}.Release|Any CPU.ActiveCfg = Release|Any CPU
		{8763D1AF-B25C-4B74-B507-542A86C934B8}.Release|Any CPU.Build.0 = Release|Any CPU
		{117D36AE-ED04-4A54-8FB1-D657BD04F094}.Debug|Any CPU.ActiveCfg = Debug|Any CPU
		{117D36AE-ED04-4A54-8FB1-D657BD04F094}.Debug|Any CPU.Build.0 = Debug|Any CPU
		{117D36AE-ED04-4A54-8FB1-D657BD04F094}.Release|Any CPU.ActiveCfg = Release|Any CPU
		{117D36AE-ED04-4A54-8FB1-D657BD04F094}.Release|Any CPU.Build.0 = Release|Any CPU
		{68910301-6B78-4214-8118-76C9B50EFBFD}.Debug|Any CPU.ActiveCfg = Debug|Any CPU
		{68910301-6B78-4214-8118-76C9B50EFBFD}.Debug|Any CPU.Build.0 = Debug|Any CPU
		{68910301-6B78-4214-8118-76C9B50EFBFD}.Release|Any CPU.ActiveCfg = Release|Any CPU
		{68910301-6B78-4214-8118-76C9B50EFBFD}.Release|Any CPU.Build.0 = Release|Any CPU
		{C91C6716-D5F9-4724-A33D-824C667A726E}.Debug|Any CPU.ActiveCfg = Debug|Any CPU
		{C91C6716-D5F9-4724-A33D-824C667A726E}.Debug|Any CPU.Build.0 = Debug|Any CPU
		{C91C6716-D5F9-4724-A33D-824C667A726E}.Release|Any CPU.ActiveCfg = Release|Any CPU
		{C91C6716-D5F9-4724-A33D-824C667A726E}.Release|Any CPU.Build.0 = Release|Any CPU
		{90B21F79-F959-457D-87DE-BE7FA78C0D15}.Debug|Any CPU.ActiveCfg = Debug|Any CPU
		{90B21F79-F959-457D-87DE-BE7FA78C0D15}.Debug|Any CPU.Build.0 = Debug|Any CPU
		{90B21F79-F959-457D-87DE-BE7FA78C0D15}.Release|Any CPU.ActiveCfg = Release|Any CPU
		{90B21F79-F959-457D-87DE-BE7FA78C0D15}.Release|Any CPU.Build.0 = Release|Any CPU
		{F0796F4D-2B1E-4790-ACE5-A694D8ACBA8C}.Debug|Any CPU.ActiveCfg = Debug|Any CPU
		{F0796F4D-2B1E-4790-ACE5-A694D8ACBA8C}.Debug|Any CPU.Build.0 = Debug|Any CPU
		{F0796F4D-2B1E-4790-ACE5-A694D8ACBA8C}.Release|Any CPU.ActiveCfg = Release|Any CPU
		{F0796F4D-2B1E-4790-ACE5-A694D8ACBA8C}.Release|Any CPU.Build.0 = Release|Any CPU
		{04E4473F-E367-4B18-A269-F53FA4023534}.Debug|Any CPU.ActiveCfg = Debug|Any CPU
		{04E4473F-E367-4B18-A269-F53FA4023534}.Debug|Any CPU.Build.0 = Debug|Any CPU
		{04E4473F-E367-4B18-A269-F53FA4023534}.Release|Any CPU.ActiveCfg = Release|Any CPU
		{04E4473F-E367-4B18-A269-F53FA4023534}.Release|Any CPU.Build.0 = Release|Any CPU
		{26B068B0-8E78-494D-BB94-334D702905A9}.Debug|Any CPU.ActiveCfg = Debug|Any CPU
		{26B068B0-8E78-494D-BB94-334D702905A9}.Debug|Any CPU.Build.0 = Debug|Any CPU
		{26B068B0-8E78-494D-BB94-334D702905A9}.Release|Any CPU.ActiveCfg = Release|Any CPU
		{26B068B0-8E78-494D-BB94-334D702905A9}.Release|Any CPU.Build.0 = Release|Any CPU
		{039C5B21-065E-463D-94BA-8352554C99C4}.Debug|Any CPU.ActiveCfg = Debug|Any CPU
		{039C5B21-065E-463D-94BA-8352554C99C4}.Debug|Any CPU.Build.0 = Debug|Any CPU
		{039C5B21-065E-463D-94BA-8352554C99C4}.Release|Any CPU.ActiveCfg = Release|Any CPU
		{039C5B21-065E-463D-94BA-8352554C99C4}.Release|Any CPU.Build.0 = Release|Any CPU
		{EC6A7389-9C44-46CF-A86D-92307BFF5BD0}.Debug|Any CPU.ActiveCfg = Debug|Any CPU
		{EC6A7389-9C44-46CF-A86D-92307BFF5BD0}.Debug|Any CPU.Build.0 = Debug|Any CPU
		{EC6A7389-9C44-46CF-A86D-92307BFF5BD0}.Release|Any CPU.ActiveCfg = Release|Any CPU
		{EC6A7389-9C44-46CF-A86D-92307BFF5BD0}.Release|Any CPU.Build.0 = Release|Any CPU
		{F313835F-8277-4E34-9104-17B84431CD58}.Debug|Any CPU.ActiveCfg = Debug|Any CPU
		{F313835F-8277-4E34-9104-17B84431CD58}.Debug|Any CPU.Build.0 = Debug|Any CPU
		{F313835F-8277-4E34-9104-17B84431CD58}.Release|Any CPU.ActiveCfg = Release|Any CPU
		{F313835F-8277-4E34-9104-17B84431CD58}.Release|Any CPU.Build.0 = Release|Any CPU
		{50C83D8F-D1F5-45AB-AC10-5DD4AB983DB9}.Debug|Any CPU.ActiveCfg = Debug|Any CPU
		{50C83D8F-D1F5-45AB-AC10-5DD4AB983DB9}.Debug|Any CPU.Build.0 = Debug|Any CPU
		{50C83D8F-D1F5-45AB-AC10-5DD4AB983DB9}.Release|Any CPU.ActiveCfg = Release|Any CPU
		{50C83D8F-D1F5-45AB-AC10-5DD4AB983DB9}.Release|Any CPU.Build.0 = Release|Any CPU
		{CDC53F5F-7D90-4264-B752-F3FF8F570277}.Debug|Any CPU.ActiveCfg = Debug|Any CPU
		{CDC53F5F-7D90-4264-B752-F3FF8F570277}.Debug|Any CPU.Build.0 = Debug|Any CPU
		{CDC53F5F-7D90-4264-B752-F3FF8F570277}.Release|Any CPU.ActiveCfg = Release|Any CPU
		{CDC53F5F-7D90-4264-B752-F3FF8F570277}.Release|Any CPU.Build.0 = Release|Any CPU
		{DB47032A-4732-4522-8507-ABDBB35DA3AC}.Debug|Any CPU.ActiveCfg = Debug|Any CPU
		{DB47032A-4732-4522-8507-ABDBB35DA3AC}.Debug|Any CPU.Build.0 = Debug|Any CPU
		{DB47032A-4732-4522-8507-ABDBB35DA3AC}.Release|Any CPU.ActiveCfg = Release|Any CPU
		{DB47032A-4732-4522-8507-ABDBB35DA3AC}.Release|Any CPU.Build.0 = Release|Any CPU
		{53DF1A20-C306-4AFD-80D7-80A72434E2E8}.Debug|Any CPU.ActiveCfg = Debug|Any CPU
		{53DF1A20-C306-4AFD-80D7-80A72434E2E8}.Debug|Any CPU.Build.0 = Debug|Any CPU
		{53DF1A20-C306-4AFD-80D7-80A72434E2E8}.Release|Any CPU.ActiveCfg = Release|Any CPU
		{53DF1A20-C306-4AFD-80D7-80A72434E2E8}.Release|Any CPU.Build.0 = Release|Any CPU
		{42D7B879-39B3-4DD8-8B12-B2B0ABEBDAD7}.Debug|Any CPU.ActiveCfg = Debug|Any CPU
		{42D7B879-39B3-4DD8-8B12-B2B0ABEBDAD7}.Debug|Any CPU.Build.0 = Debug|Any CPU
		{42D7B879-39B3-4DD8-8B12-B2B0ABEBDAD7}.Release|Any CPU.ActiveCfg = Release|Any CPU
		{42D7B879-39B3-4DD8-8B12-B2B0ABEBDAD7}.Release|Any CPU.Build.0 = Release|Any CPU
		{D92C6320-76BD-49D9-A548-59DC3B14E523}.Debug|Any CPU.ActiveCfg = Debug|Any CPU
		{D92C6320-76BD-49D9-A548-59DC3B14E523}.Debug|Any CPU.Build.0 = Debug|Any CPU
		{D92C6320-76BD-49D9-A548-59DC3B14E523}.Release|Any CPU.ActiveCfg = Release|Any CPU
		{D92C6320-76BD-49D9-A548-59DC3B14E523}.Release|Any CPU.Build.0 = Release|Any CPU
		{842CCB64-7F42-423C-B54E-0E69BDDFFD66}.Debug|Any CPU.ActiveCfg = Debug|Any CPU
		{842CCB64-7F42-423C-B54E-0E69BDDFFD66}.Debug|Any CPU.Build.0 = Debug|Any CPU
		{842CCB64-7F42-423C-B54E-0E69BDDFFD66}.Release|Any CPU.ActiveCfg = Release|Any CPU
		{842CCB64-7F42-423C-B54E-0E69BDDFFD66}.Release|Any CPU.Build.0 = Release|Any CPU
		{99F70A26-2853-465D-9FEA-8B54BA952147}.Debug|Any CPU.ActiveCfg = Debug|Any CPU
		{99F70A26-2853-465D-9FEA-8B54BA952147}.Debug|Any CPU.Build.0 = Debug|Any CPU
		{99F70A26-2853-465D-9FEA-8B54BA952147}.Release|Any CPU.ActiveCfg = Release|Any CPU
		{99F70A26-2853-465D-9FEA-8B54BA952147}.Release|Any CPU.Build.0 = Release|Any CPU
		{64008F06-202E-4B0A-A243-E332D3349DFE}.Debug|Any CPU.ActiveCfg = Debug|Any CPU
		{64008F06-202E-4B0A-A243-E332D3349DFE}.Debug|Any CPU.Build.0 = Debug|Any CPU
		{64008F06-202E-4B0A-A243-E332D3349DFE}.Release|Any CPU.ActiveCfg = Release|Any CPU
		{64008F06-202E-4B0A-A243-E332D3349DFE}.Release|Any CPU.Build.0 = Release|Any CPU
		{D1846C8C-C1E2-4613-BFCE-3F49D3C95AE6}.Debug|Any CPU.ActiveCfg = Debug|Any CPU
		{D1846C8C-C1E2-4613-BFCE-3F49D3C95AE6}.Debug|Any CPU.Build.0 = Debug|Any CPU
		{D1846C8C-C1E2-4613-BFCE-3F49D3C95AE6}.Release|Any CPU.ActiveCfg = Release|Any CPU
		{D1846C8C-C1E2-4613-BFCE-3F49D3C95AE6}.Release|Any CPU.Build.0 = Release|Any CPU
		{9C348B53-A832-4052-870D-B77CD0E031DE}.Debug|Any CPU.ActiveCfg = Debug|Any CPU
		{9C348B53-A832-4052-870D-B77CD0E031DE}.Debug|Any CPU.Build.0 = Debug|Any CPU
		{9C348B53-A832-4052-870D-B77CD0E031DE}.Release|Any CPU.ActiveCfg = Release|Any CPU
		{9C348B53-A832-4052-870D-B77CD0E031DE}.Release|Any CPU.Build.0 = Release|Any CPU
		{ABF35424-9504-4BD4-85DA-3BFF3C23CBE2}.Debug|Any CPU.ActiveCfg = Debug|Any CPU
		{ABF35424-9504-4BD4-85DA-3BFF3C23CBE2}.Debug|Any CPU.Build.0 = Debug|Any CPU
		{ABF35424-9504-4BD4-85DA-3BFF3C23CBE2}.Release|Any CPU.ActiveCfg = Release|Any CPU
		{ABF35424-9504-4BD4-85DA-3BFF3C23CBE2}.Release|Any CPU.Build.0 = Release|Any CPU
		{29DA7B21-4CF6-4A93-A85B-8E7B9984E3EC}.Debug|Any CPU.ActiveCfg = Debug|Any CPU
		{29DA7B21-4CF6-4A93-A85B-8E7B9984E3EC}.Debug|Any CPU.Build.0 = Debug|Any CPU
		{29DA7B21-4CF6-4A93-A85B-8E7B9984E3EC}.Release|Any CPU.ActiveCfg = Release|Any CPU
		{29DA7B21-4CF6-4A93-A85B-8E7B9984E3EC}.Release|Any CPU.Build.0 = Release|Any CPU
		{049219BF-BC4C-4B3E-9ABF-A6D5C8B40CF6}.Debug|Any CPU.ActiveCfg = Debug|Any CPU
		{049219BF-BC4C-4B3E-9ABF-A6D5C8B40CF6}.Debug|Any CPU.Build.0 = Debug|Any CPU
		{049219BF-BC4C-4B3E-9ABF-A6D5C8B40CF6}.Release|Any CPU.ActiveCfg = Release|Any CPU
		{049219BF-BC4C-4B3E-9ABF-A6D5C8B40CF6}.Release|Any CPU.Build.0 = Release|Any CPU
		{CFC99E74-3E91-4A3D-8BA8-31B0F3F6D475}.Debug|Any CPU.ActiveCfg = Debug|Any CPU
		{CFC99E74-3E91-4A3D-8BA8-31B0F3F6D475}.Debug|Any CPU.Build.0 = Debug|Any CPU
		{CFC99E74-3E91-4A3D-8BA8-31B0F3F6D475}.Release|Any CPU.ActiveCfg = Release|Any CPU
		{CFC99E74-3E91-4A3D-8BA8-31B0F3F6D475}.Release|Any CPU.Build.0 = Release|Any CPU
		{2EC8ED5D-73D4-4A87-AC12-09A00F408FF4}.Debug|Any CPU.ActiveCfg = Debug|Any CPU
		{2EC8ED5D-73D4-4A87-AC12-09A00F408FF4}.Debug|Any CPU.Build.0 = Debug|Any CPU
		{2EC8ED5D-73D4-4A87-AC12-09A00F408FF4}.Release|Any CPU.ActiveCfg = Release|Any CPU
		{2EC8ED5D-73D4-4A87-AC12-09A00F408FF4}.Release|Any CPU.Build.0 = Release|Any CPU
		{89606960-C8D5-49E7-A90C-3EEE669EF697}.Debug|Any CPU.ActiveCfg = Debug|Any CPU
		{89606960-C8D5-49E7-A90C-3EEE669EF697}.Debug|Any CPU.Build.0 = Debug|Any CPU
		{89606960-C8D5-49E7-A90C-3EEE669EF697}.Release|Any CPU.ActiveCfg = Release|Any CPU
		{89606960-C8D5-49E7-A90C-3EEE669EF697}.Release|Any CPU.Build.0 = Release|Any CPU
		{ADBB8483-3C90-458F-BB18-146AB541F842}.Debug|Any CPU.ActiveCfg = Debug|Any CPU
		{ADBB8483-3C90-458F-BB18-146AB541F842}.Debug|Any CPU.Build.0 = Debug|Any CPU
		{ADBB8483-3C90-458F-BB18-146AB541F842}.Release|Any CPU.ActiveCfg = Release|Any CPU
		{ADBB8483-3C90-458F-BB18-146AB541F842}.Release|Any CPU.Build.0 = Release|Any CPU
		{9888BC85-B8B2-414D-9028-107113D6E307}.Debug|Any CPU.ActiveCfg = Debug|Any CPU
		{9888BC85-B8B2-414D-9028-107113D6E307}.Debug|Any CPU.Build.0 = Debug|Any CPU
		{9888BC85-B8B2-414D-9028-107113D6E307}.Release|Any CPU.ActiveCfg = Release|Any CPU
		{9888BC85-B8B2-414D-9028-107113D6E307}.Release|Any CPU.Build.0 = Release|Any CPU
		{7B4C94D1-D22E-4311-9D2E-B4F6A510C85F}.Debug|Any CPU.ActiveCfg = Debug|Any CPU
		{7B4C94D1-D22E-4311-9D2E-B4F6A510C85F}.Debug|Any CPU.Build.0 = Debug|Any CPU
		{7B4C94D1-D22E-4311-9D2E-B4F6A510C85F}.Release|Any CPU.ActiveCfg = Release|Any CPU
		{7B4C94D1-D22E-4311-9D2E-B4F6A510C85F}.Release|Any CPU.Build.0 = Release|Any CPU
		{EB0065E6-6B3A-4136-98EF-5EA007B2ACFE}.Debug|Any CPU.ActiveCfg = Debug|Any CPU
		{EB0065E6-6B3A-4136-98EF-5EA007B2ACFE}.Debug|Any CPU.Build.0 = Debug|Any CPU
		{EB0065E6-6B3A-4136-98EF-5EA007B2ACFE}.Release|Any CPU.ActiveCfg = Release|Any CPU
		{EB0065E6-6B3A-4136-98EF-5EA007B2ACFE}.Release|Any CPU.Build.0 = Release|Any CPU
		{1F31C169-FA8B-4EE5-B6FB-76210D75905E}.Debug|Any CPU.ActiveCfg = Debug|Any CPU
		{1F31C169-FA8B-4EE5-B6FB-76210D75905E}.Debug|Any CPU.Build.0 = Debug|Any CPU
		{1F31C169-FA8B-4EE5-B6FB-76210D75905E}.Release|Any CPU.ActiveCfg = Release|Any CPU
		{1F31C169-FA8B-4EE5-B6FB-76210D75905E}.Release|Any CPU.Build.0 = Release|Any CPU
		{FDC3ACFD-6FEE-43BC-8034-6BB949C8DD61}.Debug|Any CPU.ActiveCfg = Debug|Any CPU
		{FDC3ACFD-6FEE-43BC-8034-6BB949C8DD61}.Debug|Any CPU.Build.0 = Debug|Any CPU
		{FDC3ACFD-6FEE-43BC-8034-6BB949C8DD61}.Release|Any CPU.ActiveCfg = Release|Any CPU
		{FDC3ACFD-6FEE-43BC-8034-6BB949C8DD61}.Release|Any CPU.Build.0 = Release|Any CPU
		{229F0F80-A409-4AB1-9160-1B06D7F5D219}.Debug|Any CPU.ActiveCfg = Debug|Any CPU
		{229F0F80-A409-4AB1-9160-1B06D7F5D219}.Debug|Any CPU.Build.0 = Debug|Any CPU
		{229F0F80-A409-4AB1-9160-1B06D7F5D219}.Release|Any CPU.ActiveCfg = Release|Any CPU
		{229F0F80-A409-4AB1-9160-1B06D7F5D219}.Release|Any CPU.Build.0 = Release|Any CPU
		{F51B1D66-EF8E-4270-A334-3D3F374C2AAF}.Debug|Any CPU.ActiveCfg = Debug|Any CPU
		{F51B1D66-EF8E-4270-A334-3D3F374C2AAF}.Debug|Any CPU.Build.0 = Debug|Any CPU
		{F51B1D66-EF8E-4270-A334-3D3F374C2AAF}.Release|Any CPU.ActiveCfg = Release|Any CPU
		{F51B1D66-EF8E-4270-A334-3D3F374C2AAF}.Release|Any CPU.Build.0 = Release|Any CPU
		{C52E3FCF-BF3C-40F4-A0DA-7C5C67076BE4}.Debug|Any CPU.ActiveCfg = Debug|Any CPU
		{C52E3FCF-BF3C-40F4-A0DA-7C5C67076BE4}.Debug|Any CPU.Build.0 = Debug|Any CPU
		{C52E3FCF-BF3C-40F4-A0DA-7C5C67076BE4}.Release|Any CPU.ActiveCfg = Release|Any CPU
		{C52E3FCF-BF3C-40F4-A0DA-7C5C67076BE4}.Release|Any CPU.Build.0 = Release|Any CPU
		{BABF2C98-F1B6-4B49-8FB2-53F660DDD746}.Debug|Any CPU.ActiveCfg = Debug|Any CPU
		{BABF2C98-F1B6-4B49-8FB2-53F660DDD746}.Debug|Any CPU.Build.0 = Debug|Any CPU
		{BABF2C98-F1B6-4B49-8FB2-53F660DDD746}.Release|Any CPU.ActiveCfg = Release|Any CPU
		{BABF2C98-F1B6-4B49-8FB2-53F660DDD746}.Release|Any CPU.Build.0 = Release|Any CPU
		{976A34E6-2DD5-4E01-BBB4-BEA0AC36A9C4}.Debug|Any CPU.ActiveCfg = Debug|Any CPU
		{976A34E6-2DD5-4E01-BBB4-BEA0AC36A9C4}.Debug|Any CPU.Build.0 = Debug|Any CPU
		{976A34E6-2DD5-4E01-BBB4-BEA0AC36A9C4}.Release|Any CPU.ActiveCfg = Release|Any CPU
		{976A34E6-2DD5-4E01-BBB4-BEA0AC36A9C4}.Release|Any CPU.Build.0 = Release|Any CPU
		{23DCCFDE-A21E-4B9F-B28F-7C09213F6268}.Debug|Any CPU.ActiveCfg = Debug|Any CPU
		{23DCCFDE-A21E-4B9F-B28F-7C09213F6268}.Debug|Any CPU.Build.0 = Debug|Any CPU
		{23DCCFDE-A21E-4B9F-B28F-7C09213F6268}.Release|Any CPU.ActiveCfg = Release|Any CPU
		{23DCCFDE-A21E-4B9F-B28F-7C09213F6268}.Release|Any CPU.Build.0 = Release|Any CPU
		{49FB8ED6-BD82-4838-87E4-5FAC0E7C9750}.Debug|Any CPU.ActiveCfg = Debug|Any CPU
		{49FB8ED6-BD82-4838-87E4-5FAC0E7C9750}.Debug|Any CPU.Build.0 = Debug|Any CPU
		{49FB8ED6-BD82-4838-87E4-5FAC0E7C9750}.Release|Any CPU.ActiveCfg = Release|Any CPU
		{49FB8ED6-BD82-4838-87E4-5FAC0E7C9750}.Release|Any CPU.Build.0 = Release|Any CPU
		{4D00C34C-787F-4F91-9159-13D32D29C3F8}.Debug|Any CPU.ActiveCfg = Debug|Any CPU
		{4D00C34C-787F-4F91-9159-13D32D29C3F8}.Debug|Any CPU.Build.0 = Debug|Any CPU
		{4D00C34C-787F-4F91-9159-13D32D29C3F8}.Release|Any CPU.ActiveCfg = Release|Any CPU
		{4D00C34C-787F-4F91-9159-13D32D29C3F8}.Release|Any CPU.Build.0 = Release|Any CPU
		{A3047197-DE4C-49D2-A283-52414A3D35FE}.Debug|Any CPU.ActiveCfg = Debug|Any CPU
		{A3047197-DE4C-49D2-A283-52414A3D35FE}.Debug|Any CPU.Build.0 = Debug|Any CPU
		{A3047197-DE4C-49D2-A283-52414A3D35FE}.Release|Any CPU.ActiveCfg = Release|Any CPU
		{A3047197-DE4C-49D2-A283-52414A3D35FE}.Release|Any CPU.Build.0 = Release|Any CPU
		{09039F9A-0A16-4E83-A699-7B9730C8405A}.Debug|Any CPU.ActiveCfg = Debug|Any CPU
		{09039F9A-0A16-4E83-A699-7B9730C8405A}.Debug|Any CPU.Build.0 = Debug|Any CPU
		{09039F9A-0A16-4E83-A699-7B9730C8405A}.Release|Any CPU.ActiveCfg = Release|Any CPU
		{09039F9A-0A16-4E83-A699-7B9730C8405A}.Release|Any CPU.Build.0 = Release|Any CPU
		{E96013B1-5363-49C9-B7ED-F3A9FB661D22}.Debug|Any CPU.ActiveCfg = Debug|Any CPU
		{E96013B1-5363-49C9-B7ED-F3A9FB661D22}.Debug|Any CPU.Build.0 = Debug|Any CPU
		{E96013B1-5363-49C9-B7ED-F3A9FB661D22}.Release|Any CPU.ActiveCfg = Release|Any CPU
		{E96013B1-5363-49C9-B7ED-F3A9FB661D22}.Release|Any CPU.Build.0 = Release|Any CPU
		{3054979D-2F5E-46F4-933D-11AE333A4D33}.Debug|Any CPU.ActiveCfg = Debug|Any CPU
		{3054979D-2F5E-46F4-933D-11AE333A4D33}.Debug|Any CPU.Build.0 = Debug|Any CPU
		{3054979D-2F5E-46F4-933D-11AE333A4D33}.Release|Any CPU.ActiveCfg = Release|Any CPU
		{3054979D-2F5E-46F4-933D-11AE333A4D33}.Release|Any CPU.Build.0 = Release|Any CPU
	EndGlobalSection
	GlobalSection(SolutionProperties) = preSolution
		HideSolutionNode = FALSE
	EndGlobalSection
	GlobalSection(NestedProjects) = preSolution
		{EAB82E4E-2666-472C-AD50-A6002DB843A2} = {E8D7D8B3-0352-47D9-BE53-29E58D793CC3}
		{27A61A1B-F9BC-48D0-A9C5-08FE62D37E0F} = {E8D7D8B3-0352-47D9-BE53-29E58D793CC3}
		{FAFB3000-CFC5-42B5-A510-AE2058577D51} = {E8D7D8B3-0352-47D9-BE53-29E58D793CC3}
		{8763D1AF-B25C-4B74-B507-542A86C934B8} = {E8D7D8B3-0352-47D9-BE53-29E58D793CC3}
		{117D36AE-ED04-4A54-8FB1-D657BD04F094} = {E8D7D8B3-0352-47D9-BE53-29E58D793CC3}
		{68910301-6B78-4214-8118-76C9B50EFBFD} = {DB0C2E83-096B-45CC-8100-08F0C4C3EA0C}
		{C91C6716-D5F9-4724-A33D-824C667A726E} = {DB0C2E83-096B-45CC-8100-08F0C4C3EA0C}
		{90B21F79-F959-457D-87DE-BE7FA78C0D15} = {DB0C2E83-096B-45CC-8100-08F0C4C3EA0C}
		{F0796F4D-2B1E-4790-ACE5-A694D8ACBA8C} = {DB0C2E83-096B-45CC-8100-08F0C4C3EA0C}
		{04E4473F-E367-4B18-A269-F53FA4023534} = {DB0C2E83-096B-45CC-8100-08F0C4C3EA0C}
		{26B068B0-8E78-494D-BB94-334D702905A9} = {2929B7AA-8DAD-40B5-92DD-D1EBCCA51E60}
		{039C5B21-065E-463D-94BA-8352554C99C4} = {B2AD8732-B170-4C2F-96B2-96DFA4485377}
		{EC6A7389-9C44-46CF-A86D-92307BFF5BD0} = {B2AD8732-B170-4C2F-96B2-96DFA4485377}
		{F313835F-8277-4E34-9104-17B84431CD58} = {AE354534-4850-47C2-BD73-E47F8D8DBE0F}
		{50C83D8F-D1F5-45AB-AC10-5DD4AB983DB9} = {AE354534-4850-47C2-BD73-E47F8D8DBE0F}
		{CDC53F5F-7D90-4264-B752-F3FF8F570277} = {AE354534-4850-47C2-BD73-E47F8D8DBE0F}
		{DB47032A-4732-4522-8507-ABDBB35DA3AC} = {AE354534-4850-47C2-BD73-E47F8D8DBE0F}
		{53DF1A20-C306-4AFD-80D7-80A72434E2E8} = {AE354534-4850-47C2-BD73-E47F8D8DBE0F}
		{42D7B879-39B3-4DD8-8B12-B2B0ABEBDAD7} = {AE354534-4850-47C2-BD73-E47F8D8DBE0F}
		{D92C6320-76BD-49D9-A548-59DC3B14E523} = {AE354534-4850-47C2-BD73-E47F8D8DBE0F}
		{842CCB64-7F42-423C-B54E-0E69BDDFFD66} = {AE354534-4850-47C2-BD73-E47F8D8DBE0F}
		{99F70A26-2853-465D-9FEA-8B54BA952147} = {6BE6C50A-EED5-49DA-8BF7-EB8D270E5166}
		{64008F06-202E-4B0A-A243-E332D3349DFE} = {6BE6C50A-EED5-49DA-8BF7-EB8D270E5166}
		{D1846C8C-C1E2-4613-BFCE-3F49D3C95AE6} = {6BE6C50A-EED5-49DA-8BF7-EB8D270E5166}
		{9C348B53-A832-4052-870D-B77CD0E031DE} = {6BE6C50A-EED5-49DA-8BF7-EB8D270E5166}
		{ABF35424-9504-4BD4-85DA-3BFF3C23CBE2} = {6BE6C50A-EED5-49DA-8BF7-EB8D270E5166}
		{29DA7B21-4CF6-4A93-A85B-8E7B9984E3EC} = {6BE6C50A-EED5-49DA-8BF7-EB8D270E5166}
		{049219BF-BC4C-4B3E-9ABF-A6D5C8B40CF6} = {6BE6C50A-EED5-49DA-8BF7-EB8D270E5166}
		{CFC99E74-3E91-4A3D-8BA8-31B0F3F6D475} = {6BE6C50A-EED5-49DA-8BF7-EB8D270E5166}
		{2EC8ED5D-73D4-4A87-AC12-09A00F408FF4} = {6BE6C50A-EED5-49DA-8BF7-EB8D270E5166}
		{89606960-C8D5-49E7-A90C-3EEE669EF697} = {6BE6C50A-EED5-49DA-8BF7-EB8D270E5166}
		{ADBB8483-3C90-458F-BB18-146AB541F842} = {000C62D0-9E8D-44D6-A024-103C371C7597}
		{9888BC85-B8B2-414D-9028-107113D6E307} = {000C62D0-9E8D-44D6-A024-103C371C7597}
		{7B4C94D1-D22E-4311-9D2E-B4F6A510C85F} = {000C62D0-9E8D-44D6-A024-103C371C7597}
		{EB0065E6-6B3A-4136-98EF-5EA007B2ACFE} = {000C62D0-9E8D-44D6-A024-103C371C7597}
		{B3E00AF3-1D26-4EB1-BDBD-A105144DF510} = {6BE6C50A-EED5-49DA-8BF7-EB8D270E5166}
		{1F31C169-FA8B-4EE5-B6FB-76210D75905E} = {B3E00AF3-1D26-4EB1-BDBD-A105144DF510}
		{FDC3ACFD-6FEE-43BC-8034-6BB949C8DD61} = {92880E4A-3909-4F35-858C-9BB3031F52B7}
		{229F0F80-A409-4AB1-9160-1B06D7F5D219} = {92880E4A-3909-4F35-858C-9BB3031F52B7}
		{F51B1D66-EF8E-4270-A334-3D3F374C2AAF} = {7F7DC02C-F2CF-4F17-9DDB-E6AE72B724FA}
		{C52E3FCF-BF3C-40F4-A0DA-7C5C67076BE4} = {0AEB6887-11DF-40E0-BD78-219950896B93}
		{BABF2C98-F1B6-4B49-8FB2-53F660DDD746} = {E08ACB6A-067E-4195-9F36-34FA51C550C0}
		{976A34E6-2DD5-4E01-BBB4-BEA0AC36A9C4} = {0D6410DB-DF64-4C06-9437-22D47FC22811}
		{23DCCFDE-A21E-4B9F-B28F-7C09213F6268} = {902B5472-6D4D-4913-98A3-B801A5A9B2EA}
		{49FB8ED6-BD82-4838-87E4-5FAC0E7C9750} = {8E6002CC-019E-46F6-915F-F70D074A86E0}
		{4D00C34C-787F-4F91-9159-13D32D29C3F8} = {8E6002CC-019E-46F6-915F-F70D074A86E0}
		{A3047197-DE4C-49D2-A283-52414A3D35FE} = {8E6002CC-019E-46F6-915F-F70D074A86E0}
		{09039F9A-0A16-4E83-A699-7B9730C8405A} = {8E6002CC-019E-46F6-915F-F70D074A86E0}
		{E96013B1-5363-49C9-B7ED-F3A9FB661D22} = {8E6002CC-019E-46F6-915F-F70D074A86E0}
		{3054979D-2F5E-46F4-933D-11AE333A4D33} = {76B3E5FD-907F-4E8F-8A04-D89E59E7BE14}
	EndGlobalSection
	GlobalSection(ExtensibilityGlobals) = postSolution
		SolutionGuid = {22976EFE-2679-4E41-B110-AC5123DD29B7}
	EndGlobalSection
EndGlobal
