
Microsoft Visual Studio Solution File, Format Version 12.00
# Visual Studio Version 16
VisualStudioVersion = 16.0.31112.23
MinimumVisualStudioVersion = 10.0.40219.1
Project("{2150E333-8FDC-42A3-9474-1A3956D46DE8}") = "CSharp_Versionen", "CSharp_Versionen", "{E8D7D8B3-0352-47D9-BE53-29E58D793CC3}"
EndProject
Project("{FAE04EC0-301F-11D3-BF4B-00C04F79EFBC}") = "CSharp_70", "CSharp_70\CSharp_70.csproj", "{EAB82E4E-2666-472C-AD50-A6002DB843A2}"
EndProject
Project("{FAE04EC0-301F-11D3-BF4B-00C04F79EFBC}") = "CSharp_71", "CSharp_71\CSharp_71.csproj", "{27A61A1B-F9BC-48D0-A9C5-08FE62D37E0F}"
EndProject
Project("{FAE04EC0-301F-11D3-BF4B-00C04F79EFBC}") = "CSharp_72", "CSharp_72\CSharp_72.csproj", "{FAFB3000-CFC5-42B5-A510-AE2058577D51}"
EndProject
Project("{FAE04EC0-301F-11D3-BF4B-00C04F79EFBC}") = "CSharp_80", "CSharp_80\CSharp_80.csproj", "{8763D1AF-B25C-4B74-B507-542A86C934B8}"
EndProject
Project("{FAE04EC0-301F-11D3-BF4B-00C04F79EFBC}") = "CSharp_90", "CSharp_90\CSharp_90.csproj", "{117D36AE-ED04-4A54-8FB1-D657BD04F094}"
EndProject
Project("{2150E333-8FDC-42A3-9474-1A3956D46DE8}") = "SOLID", "SOLID", "{DB0C2E83-096B-45CC-8100-08F0C4C3EA0C}"
EndProject
Project("{FAE04EC0-301F-11D3-BF4B-00C04F79EFBC}") = "SingleResponsibility_Princip", "SingleResponsibility_Princip\SingleResponsibility_Princip.csproj", "{68910301-6B78-4214-8118-76C9B50EFBFD}"
EndProject
Project("{FAE04EC0-301F-11D3-BF4B-00C04F79EFBC}") = "OpenClosed_Principle_OCP", "OpenClosed_Principle_OCP\OpenClosed_Principle_OCP.csproj", "{C91C6716-D5F9-4724-A33D-824C667A726E}"
EndProject
Project("{FAE04EC0-301F-11D3-BF4B-00C04F79EFBC}") = "Liskov_substitution_principle_LSP", "Liskov_substitution_principle_LSP\Liskov_substitution_principle_LSP.csproj", "{90B21F79-F959-457D-87DE-BE7FA78C0D15}"
EndProject
Project("{FAE04EC0-301F-11D3-BF4B-00C04F79EFBC}") = "Interface_segregation_principle_ISP", "Interface_segregation_principle_ISP\Interface_segregation_principle_ISP.csproj", "{F0796F4D-2B1E-4790-ACE5-A694D8ACBA8C}"
EndProject
Project("{FAE04EC0-301F-11D3-BF4B-00C04F79EFBC}") = "Dependency_Inversion", "Dependency_Inversion\Dependency_Inversion.csproj", "{04E4473F-E367-4B18-A269-F53FA4023534}"
EndProject
Project("{2150E333-8FDC-42A3-9474-1A3956D46DE8}") = "BenchmarkTests", "BenchmarkTests", "{2929B7AA-8DAD-40B5-92DD-D1EBCCA51E60}"
EndProject
Project("{FAE04EC0-301F-11D3-BF4B-00C04F79EFBC}") = "StringBuilderBenchmarkDemo", "StringBuilderBenchmarkDemo\StringBuilderBenchmarkDemo.csproj", "{26B068B0-8E78-494D-BB94-334D702905A9}"
EndProject
Project("{2150E333-8FDC-42A3-9474-1A3956D46DE8}") = "Solution Items", "Solution Items", "{06659DF2-8515-4935-9AA6-DA84B589549F}"
	ProjectSection(SolutionItems) = preProject
		Agenda.txt = Agenda.txt
	EndProjectSection
EndProject
Global
	GlobalSection(SolutionConfigurationPlatforms) = preSolution
		Debug|Any CPU = Debug|Any CPU
		Release|Any CPU = Release|Any CPU
	EndGlobalSection
	GlobalSection(ProjectConfigurationPlatforms) = postSolution
		{EAB82E4E-2666-472C-AD50-A6002DB843A2}.Debug|Any CPU.ActiveCfg = Debug|Any CPU
		{EAB82E4E-2666-472C-AD50-A6002DB843A2}.Debug|Any CPU.Build.0 = Debug|Any CPU
		{EAB82E4E-2666-472C-AD50-A6002DB843A2}.Release|Any CPU.ActiveCfg = Release|Any CPU
		{EAB82E4E-2666-472C-AD50-A6002DB843A2}.Release|Any CPU.Build.0 = Release|Any CPU
		{27A61A1B-F9BC-48D0-A9C5-08FE62D37E0F}.Debug|Any CPU.ActiveCfg = Debug|Any CPU
		{27A61A1B-F9BC-48D0-A9C5-08FE62D37E0F}.Debug|Any CPU.Build.0 = Debug|Any CPU
		{27A61A1B-F9BC-48D0-A9C5-08FE62D37E0F}.Release|Any CPU.ActiveCfg = Release|Any CPU
		{27A61A1B-F9BC-48D0-A9C5-08FE62D37E0F}.Release|Any CPU.Build.0 = Release|Any CPU
		{FAFB3000-CFC5-42B5-A510-AE2058577D51}.Debug|Any CPU.ActiveCfg = Debug|Any CPU
		{FAFB3000-CFC5-42B5-A510-AE2058577D51}.Debug|Any CPU.Build.0 = Debug|Any CPU
		{FAFB3000-CFC5-42B5-A510-AE2058577D51}.Release|Any CPU.ActiveCfg = Release|Any CPU
		{FAFB3000-CFC5-42B5-A510-AE2058577D51}.Release|Any CPU.Build.0 = Release|Any CPU
		{8763D1AF-B25C-4B74-B507-542A86C934B8}.Debug|Any CPU.ActiveCfg = Debug|Any CPU
		{8763D1AF-B25C-4B74-B507-542A86C934B8}.Debug|Any CPU.Build.0 = Debug|Any CPU
		{8763D1AF-B25C-4B74-B507-542A86C934B8}.Release|Any CPU.ActiveCfg = Release|Any CPU
		{8763D1AF-B25C-4B74-B507-542A86C934B8}.Release|Any CPU.Build.0 = Release|Any CPU
		{117D36AE-ED04-4A54-8FB1-D657BD04F094}.Debug|Any CPU.ActiveCfg = Debug|Any CPU
		{117D36AE-ED04-4A54-8FB1-D657BD04F094}.Debug|Any CPU.Build.0 = Debug|Any CPU
		{117D36AE-ED04-4A54-8FB1-D657BD04F094}.Release|Any CPU.ActiveCfg = Release|Any CPU
		{117D36AE-ED04-4A54-8FB1-D657BD04F094}.Release|Any CPU.Build.0 = Release|Any CPU
		{68910301-6B78-4214-8118-76C9B50EFBFD}.Debug|Any CPU.ActiveCfg = Debug|Any CPU
		{68910301-6B78-4214-8118-76C9B50EFBFD}.Debug|Any CPU.Build.0 = Debug|Any CPU
		{68910301-6B78-4214-8118-76C9B50EFBFD}.Release|Any CPU.ActiveCfg = Release|Any CPU
		{68910301-6B78-4214-8118-76C9B50EFBFD}.Release|Any CPU.Build.0 = Release|Any CPU
		{C91C6716-D5F9-4724-A33D-824C667A726E}.Debug|Any CPU.ActiveCfg = Debug|Any CPU
		{C91C6716-D5F9-4724-A33D-824C667A726E}.Debug|Any CPU.Build.0 = Debug|Any CPU
		{C91C6716-D5F9-4724-A33D-824C667A726E}.Release|Any CPU.ActiveCfg = Release|Any CPU
		{C91C6716-D5F9-4724-A33D-824C667A726E}.Release|Any CPU.Build.0 = Release|Any CPU
		{90B21F79-F959-457D-87DE-BE7FA78C0D15}.Debug|Any CPU.ActiveCfg = Debug|Any CPU
		{90B21F79-F959-457D-87DE-BE7FA78C0D15}.Debug|Any CPU.Build.0 = Debug|Any CPU
		{90B21F79-F959-457D-87DE-BE7FA78C0D15}.Release|Any CPU.ActiveCfg = Release|Any CPU
		{90B21F79-F959-457D-87DE-BE7FA78C0D15}.Release|Any CPU.Build.0 = Release|Any CPU
		{F0796F4D-2B1E-4790-ACE5-A694D8ACBA8C}.Debug|Any CPU.ActiveCfg = Debug|Any CPU
		{F0796F4D-2B1E-4790-ACE5-A694D8ACBA8C}.Debug|Any CPU.Build.0 = Debug|Any CPU
		{F0796F4D-2B1E-4790-ACE5-A694D8ACBA8C}.Release|Any CPU.ActiveCfg = Release|Any CPU
		{F0796F4D-2B1E-4790-ACE5-A694D8ACBA8C}.Release|Any CPU.Build.0 = Release|Any CPU
		{04E4473F-E367-4B18-A269-F53FA4023534}.Debug|Any CPU.ActiveCfg = Debug|Any CPU
		{04E4473F-E367-4B18-A269-F53FA4023534}.Debug|Any CPU.Build.0 = Debug|Any CPU
		{04E4473F-E367-4B18-A269-F53FA4023534}.Release|Any CPU.ActiveCfg = Release|Any CPU
		{04E4473F-E367-4B18-A269-F53FA4023534}.Release|Any CPU.Build.0 = Release|Any CPU
		{26B068B0-8E78-494D-BB94-334D702905A9}.Debug|Any CPU.ActiveCfg = Debug|Any CPU
		{26B068B0-8E78-494D-BB94-334D702905A9}.Debug|Any CPU.Build.0 = Debug|Any CPU
		{26B068B0-8E78-494D-BB94-334D702905A9}.Release|Any CPU.ActiveCfg = Release|Any CPU
		{26B068B0-8E78-494D-BB94-334D702905A9}.Release|Any CPU.Build.0 = Release|Any CPU
	EndGlobalSection
	GlobalSection(SolutionProperties) = preSolution
		HideSolutionNode = FALSE
	EndGlobalSection
	GlobalSection(NestedProjects) = preSolution
		{EAB82E4E-2666-472C-AD50-A6002DB843A2} = {E8D7D8B3-0352-47D9-BE53-29E58D793CC3}
		{27A61A1B-F9BC-48D0-A9C5-08FE62D37E0F} = {E8D7D8B3-0352-47D9-BE53-29E58D793CC3}
		{FAFB3000-CFC5-42B5-A510-AE2058577D51} = {E8D7D8B3-0352-47D9-BE53-29E58D793CC3}
		{8763D1AF-B25C-4B74-B507-542A86C934B8} = {E8D7D8B3-0352-47D9-BE53-29E58D793CC3}
		{117D36AE-ED04-4A54-8FB1-D657BD04F094} = {E8D7D8B3-0352-47D9-BE53-29E58D793CC3}
		{68910301-6B78-4214-8118-76C9B50EFBFD} = {DB0C2E83-096B-45CC-8100-08F0C4C3EA0C}
		{C91C6716-D5F9-4724-A33D-824C667A726E} = {DB0C2E83-096B-45CC-8100-08F0C4C3EA0C}
		{90B21F79-F959-457D-87DE-BE7FA78C0D15} = {DB0C2E83-096B-45CC-8100-08F0C4C3EA0C}
		{F0796F4D-2B1E-4790-ACE5-A694D8ACBA8C} = {DB0C2E83-096B-45CC-8100-08F0C4C3EA0C}
		{04E4473F-E367-4B18-A269-F53FA4023534} = {DB0C2E83-096B-45CC-8100-08F0C4C3EA0C}
		{26B068B0-8E78-494D-BB94-334D702905A9} = {2929B7AA-8DAD-40B5-92DD-D1EBCCA51E60}
	EndGlobalSection
	GlobalSection(ExtensibilityGlobals) = postSolution
		SolutionGuid = {22976EFE-2679-4E41-B110-AC5123DD29B7}
	EndGlobalSection
EndGlobal
